{
  "name": "insights-chat",
  "version": "0.1.0",
  "lockfileVersion": 3,
  "requires": true,
  "packages": {
    "": {
      "name": "insights-chat",
      "version": "0.1.0",
      "license": "ISC",
      "dependencies": {
        "@ionited/mesh": "^0.6.4"
      }
    },
    "node_modules/@ionited/mesh": {
      "version": "0.6.4",
      "resolved": "https://registry.npmjs.org/@ionited/mesh/-/mesh-0.6.4.tgz",
      "integrity": "sha512-Ma+EYvZVmaxra4STQPaVAv1v4nYRwImhZPzHcQeLRMjU0QRfKmtD9yMwMs2qASUhz2BjwqEHjQ8eN9KRIVJsGg==",
      "dependencies": {
        "uWebSockets.js": "github:uNetworking/uWebSockets.js#v20.44.0"
      }
    },
    "node_modules/uWebSockets.js": {
      "version": "20.44.0",
      "resolved": "git+ssh://git@github.com/uNetworking/uWebSockets.js.git#8fa05571bf6ea95be8966ad313d9d39453e381ae",
      "license": "Apache-2.0"
    }
  }
}
